PODS:
  - Protobuf (3.29.5)
  - SSZipArchive (2.1.4)

DEPENDENCIES:
  - Protobuf (= 3.29.5)
  - SSZipArchive (~> 2.1.4)

SPEC REPOS:
  https://github.com/CocoaPods/Specs.git:
    - SSZipArchive
  trunk:
    - Protobuf

SPEC CHECKSUMS:
  Protobuf: 164aea2ae380c3951abdc3e195220c01d17400e0
  SSZipArchive: 41455d4b8d2b6ab93990820b50dc697c2554a322

PODFILE CHECKSUM: fa22110c719926bbb34f8daacf271ce66b8b0dfa

COCOAPODS: 1.16.2
